{
  "name": "heat",
  "version": "1.0.0",
  "lockfileVersion": 1,
  "requires": true,
  "dependencies": {
    "bootstrap": {
      "version": "3.3.7",
      "resolved": "https://registry.npmjs.org/bootstrap/-/bootstrap-3.3.7.tgz",
      "integrity": "sha1-WjiTlFSfIzMIdaOxUGVldPip63E="
    },
    "chalk": {
      "version": "2.0.1",
      "resolved": "https://registry.npmjs.org/chalk/-/chalk-2.0.1.tgz",
      "integrity": "sha512-Mp+FXEI+FrwY/XYV45b2YD3E8i3HwnEAoFcM0qlZzq/RZ9RwWitt2Y/c7cqRAz70U7hfekqx6qNYthuKFO6K0g=="
    },
    "d3": {
      "version": "4.10.0",
      "resolved": "https://registry.npmjs.org/d3/-/d3-4.10.0.tgz",
      "integrity": "sha512-PXnXfSEgrYOspAIU4ujlsJuIVHvVbT/AidBMedq6XRPXbbUwPI2rqe9kbuQofCaAW/IipdT5gSbTKw/5Xjbb5Q=="
    },
    "event-tracking": {
      "version": "1.0.1",
      "resolved": "https://registry.npmjs.org/event-tracking/-/event-tracking-1.0.1.tgz",
      "integrity": "sha1-k3vmIOVwIVmZn2gI08XV6A5uOyU=",
      "dev": true
    },
    "express": {
      "version": "4.15.3",
      "resolved": "https://registry.npmjs.org/express/-/express-4.15.3.tgz",
      "integrity": "sha1-urZdDwOqgMNYQIly/HAPkWlEtmI="
    },
    "jquery": {
      "version": "3.4.0",
      "resolved": "https://registry.npmjs.org/jquery/-/jquery-3.4.0.tgz",
      "integrity": "sha512-ggRCXln9zEqv6OqAGXFEcshF5dSBvCkzj6Gm2gzuR5fWawaX8t7cxKVkkygKODrDAzKdoYw3l/e3pm3vlT4IbQ=="
    },
    "nodemon": {
      "version": "1.11.0",
      "resolved": "https://registry.npmjs.org/nodemon/-/nodemon-1.11.0.tgz",
      "integrity": "sha1-ImxWK9KnsT09dRi0mtSCijYj0Gw="
    },
    "path": {
      "version": "0.12.7",
      "resolved": "https://registry.npmjs.org/path/-/path-0.12.7.tgz",
      "integrity": "sha1-1NwqUGxM4hl+tIHr/NWzbAFAsQ8="
    },
    "swig": {
      "version": "1.4.2",
      "resolved": "https://registry.npmjs.org/swig/-/swig-1.4.2.tgz",
      "integrity": "sha1-QIXKBFM2kQS11IPihBs5t64aq6U="
    },
    "topojson": {
      "version": "3.0.0",
      "resolved": "https://registry.npmjs.org/topojson/-/topojson-3.0.0.tgz",
      "integrity": "sha1-wqyht2Q16AHc4/IpWGu9V2cRXOM=",
      "dependencies": {
        "topojson-client": {
          "version": "3.0.0",
          "resolved": "https://registry.npmjs.org/topojson-client/-/topojson-client-3.0.0.tgz",
          "integrity": "sha1-H5kpOnfvQqRI0DKoGqmCtz82DS8="
        },
        "topojson-server": {
          "version": "3.0.0",
          "resolved": "https://registry.npmjs.org/topojson-server/-/topojson-server-3.0.0.tgz",
          "integrity": "sha1-N4546Hw5cqe1vixdYENptrrmnF4="
        },
        "topojson-simplify": {
          "version": "3.0.0",
          "resolved": "https://registry.npmjs.org/topojson-simplify/-/topojson-simplify-3.0.0.tgz",
          "integrity": "sha1-WFJ9JsqFvYWJtYAPbBDpOIUkWuU="
        }
      }
    }
  }
}
